// !$*UTF8*$!
{
	archiveVersion = 1;
	classes = {
	};
	objectVersion = 46;
	objects = {

/* Begin PBXBuildFile section */
		143C3F351EFCDB7B00FF911D /* AppDelegate.swift in Sources */ = {isa = PBXBuildFile; fileRef = 143C3F341EFCDB7B00FF911D /* AppDelegate.swift */; };
		143C3F371EFCDB7B00FF911D /* ViewController.swift in Sources */ = {isa = PBXBuildFile; fileRef = 143C3F361EFCDB7B00FF911D /* ViewController.swift */; };
		143C3F3A1EFCDB7B00FF911D /* Main.storyboard in Resources */ = {isa = PBXBuildFile; fileRef = 143C3F381EFCDB7B00FF911D /* Main.storyboard */; };
		143C3F3C1EFCDB7B00FF911D /* Assets.xcassets in Resources */ = {isa = PBXBuildFile; fileRef = 143C3F3B1EFCDB7B00FF911D /* Assets.xcassets */; };
		143C3F3F1EFCDB7B00FF911D /* LaunchScreen.storyboard in Resources */ = {isa = PBXBuildFile; fileRef = 143C3F3D1EFCDB7B00FF911D /* LaunchScreen.storyboard */; };
/* End PBXBuildFile section */

/* Begin PBXFileReference section */
		143C3F311EFCDB7B00FF911D /* beepr-poc.app */ = {isa = PBXFileReference; explicitFileType = wrapper.application; includeInIndex = 0; path = "beepr-poc.app"; sourceTree = BUILT_PRODUCTS_DIR; };
		143C3F341EFCDB7B00FF911D /* AppDelegate.swift */ = {isa = PBXFileReference; lastKnownFileType = sourcecode.swift; path = AppDelegate.swift; sourceTree = "<group>"; };
		143C3F361EFCDB7B00FF911D /* ViewController.swift */ = {isa = PBXFileReference; lastKnownFileType = sourcecode.swift; path = ViewController.swift; sourceTree = "<group>"; };
		143C3F391EFCDB7B00FF911D /* Base */ = {isa = PBXFileReference; lastKnownFileType = file.storyboard; name = Base; path = Base.lproj/Main.storyboard; sourceTree = "<group>"; };
		143C3F3B1EFCDB7B00FF911D /* Assets.xcassets */ = {isa = PBXFileReference; lastKnownFileType = folder.assetcatalog; path = Assets.xcassets; sourceTree = "<group>"; };
		143C3F3E1EFCDB7B00FF911D /* Base */ = {isa = PBXFileReference; lastKnownFileType = file.storyboard; name = Base; path = Base.lproj/LaunchScreen.storyboard; sourceTree = "<group>"; };
		143C3F401EFCDB7B00FF911D /* Info.plist */ = {isa = PBXFileReference; lastKnownFileType = text.plist.xml; path = Info.plist; sourceTree = "<group>"; };
/* End PBXFileReference section */

/* Begin PBXFrameworksBuildPhase section */
		143C3F2E1EFCDB7B00FF911D /* Frameworks */ = {
			isa = PBXFrameworksBuildPhase;
			buildActionMask = 2147483647;
			files = (
			);
			runOnlyForDeploymentPostprocessing = 0;
		};
/* End PBXFrameworksBuildPhase section */

/* Begin PBXGroup section */
		143C3F281EFCDB7B00FF911D = {
			isa = PBXGroup;
			children = (
				143C3F331EFCDB7B00FF911D /* beepr-poc */,
				143C3F321EFCDB7B00FF911D /* Products */,
			);
			sourceTree = "<group>";
		};
		143C3F321EFCDB7B00FF911D /* Products */ = {
			isa = PBXGroup;
			children = (
				143C3F311EFCDB7B00FF911D /* beepr-poc.app */,
			);
			name = Products;
			sourceTree = "<group>";
		};
		143C3F331EFCDB7B00FF911D /* beepr-poc */ = {
			isa = PBXGroup;
			children = (
				143C3F341EFCDB7B00FF911D /* AppDelegate.swift */,
				143C3F361EFCDB7B00FF911D /* ViewController.swift */,
				143C3F381EFCDB7B00FF911D /* Main.storyboard */,
				143C3F3B1EFCDB7B00FF911D /* Assets.xcassets */,
				143C3F3D1EFCDB7B00FF911D /* LaunchScreen.storyboard */,
				143C3F401EFCDB7B00FF911D /* Info.plist */,
			);
			path = "beepr-poc";
			sourceTree = "<group>";
		};
/* End PBXGroup section */

/* Begin PBXNativeTarget section */
		143C3F301EFCDB7B00FF911D /* beepr-poc */ = {
			isa = PBXNativeTarget;
			buildConfigurationList = 143C3F431EFCDB7B00FF911D /* Build configuration list for PBXNativeTarget "beepr-poc" */;
			buildPhases = (
				143C3F2D1EFCDB7B00FF911D /* Sources */,
				143C3F2E1EFCDB7B00FF911D /* Frameworks */,
				143C3F2F1EFCDB7B00FF911D /* Resources */,
			);
			buildRules = (
			);
			dependencies = (
			);
			name = "beepr-poc";
			productName = "beepr-poc";
			productReference = 143C3F311EFCDB7B00FF911D /* beepr-poc.app */;
			productType = "com.apple.product-type.application";
		};
/* End PBXNativeTarget section */

/* Begin PBXProject section */
		143C3F291EFCDB7B00FF911D /* Project object */ = {
			isa = PBXProject;
			attributes = {
				LastSwiftUpdateCheck = 0830;
				LastUpgradeCheck = 0830;
				ORGANIZATIONNAME = Beepr;
				TargetAttributes = {
					143C3F301EFCDB7B00FF911D = {
						CreatedOnToolsVersion = 8.3.3;
						DevelopmentTeam = EQ9P5M4B7V;
						ProvisioningStyle = Automatic;
					};
				};
			};
			buildConfigurationList = 143C3F2C1EFCDB7B00FF911D /* Build configuration list for PBXProject "beepr-poc" */;
			compatibilityVersion = "Xcode 3.2";
			developmentRegion = English;
			hasScannedForEncodings = 0;
			knownRegions = (
				en,
				Base,
			);
			mainGroup = 143C3F281EFCDB7B00FF911D;
			productRefGroup = 143C3F321EFCDB7B00FF911D /* Products */;
			projectDirPath = "";
			projectRoot = "";
			targets = (
				143C3F301EFCDB7B00FF911D /* beepr-poc */,
			);
		};
/* End PBXProject section */

/* Begin PBXResourcesBuildPhase section */
		143C3F2F1EFCDB7B00FF911D /* Resources */ = {
			isa = PBXResourcesBuildPhase;
			buildActionMask = 2147483647;
			files = (
				143C3F3F1EFCDB7B00FF911D /* LaunchScreen.storyboard in Resources */,
				143C3F3C1EFCDB7B00FF911D /* Assets.xcassets in Resources */,
				143C3F3A1EFCDB7B00FF911D /* Main.storyboard in Resources */,
			);
			runOnlyForDeploymentPostprocessing = 0;
		};
/* End PBXResourcesBuildPhase section */

/* Begin PBXSourcesBuildPhase section */
		143C3F2D1EFCDB7B00FF911D /* Sources */ = {
			isa = PBXSourcesBuildPhase;
			buildActionMask = 2147483647;
			files = (
				143C3F371EFCDB7B00FF911D /* ViewController.swift in Sources */,
				143C3F351EFCDB7B00FF911D /* AppDelegate.swift in Sources */,
			);
			runOnlyForDeploymentPostprocessing = 0;
		};
/* End PBXSourcesBuildPhase section */

/* Begin PBXVariantGroup section */
		143C3F381EFCDB7B00FF911D /* Main.storyboard */ = {
			isa = PBXVariantGroup;
			children = (
				143C3F391EFCDB7B00FF911D /* Base */,
			);
			name = Main.storyboard;
			sourceTree = "<group>";
		};
		143C3F3D1EFCDB7B00FF911D /* LaunchScreen.storyboard */ = {
			isa = PBXVariantGroup;
			children = (
				143C3F3E1EFCDB7B00FF911D /* Base */,
			);
			name = LaunchScreen.storyboard;
			sourceTree = "<group>";
		};
/* End PBXVariantGroup section */

/* Begin XCBuildConfiguration section */
		143C3F411EFCDB7B00FF911D /* Debug */ = {
			isa = XCBuildConfiguration;
			buildSettings = {
				ALWAYS_SEARCH_USER_PATHS = NO;
				CLANG_ANALYZER_NONNULL = YES;
				CLANG_ANALYZER_NUMBER_OBJECT_CONVERSION = YES_AGGRESSIVE;
				CLANG_CXX_LANGUAGE_STANDARD = "gnu++0x";
				CLANG_CXX_LIBRARY = "libc++";
				CLANG_ENABLE_MODULES = YES;
				CLANG_ENABLE_OBJC_ARC = YES;
				CLANG_WARN_BOOL_CONVERSION = YES;
				CLANG_WARN_CONSTANT_CONVERSION = YES;
				CLANG_WARN_DIRECT_OBJC_ISA_USAGE = YES_ERROR;
				CLANG_WARN_DOCUMENTATION_COMMENTS = YES;
				CLANG_WARN_EMPTY_BODY = YES;
				CLANG_WARN_ENUM_CONVERSION = YES;
				CLANG_WARN_INFINITE_RECURSION = YES;
				CLANG_WARN_INT_CONVERSION = YES;
				CLANG_WARN_OBJC_ROOT_CLASS = YES_ERROR;
				CLANG_WARN_SUSPICIOUS_MOVE = YES;
				CLANG_WARN_UNREACHABLE_CODE = YES;
				CLANG_WARN__DUPLICATE_METHOD_MATCH = YES;
				"CODE_SIGN_IDENTITY[sdk=iphoneos*]" = "iPhone Developer";
				COPY_PHASE_STRIP = NO;
				DEBUG_INFORMATION_FORMAT = dwarf;
				ENABLE_STRICT_OBJC_MSGSEND = YES;
				ENABLE_TESTABILITY = YES;
				GCC_C_LANGUAGE_STANDARD = gnu99;
				GCC_DYNAMIC_NO_PIC = NO;
				GCC_NO_COMMON_BLOCKS = YES;
				GCC_OPTIMIZATION_LEVEL = 0;
				GCC_PREPROCESSOR_DEFINITIONS = (
					"DEBUG=1",
					"$(inherited)",
				);
				GCC_WARN_64_TO_32_BIT_CONVERSION = YES;
				GCC_WARN_ABOUT_RETURN_TYPE = YES_ERROR;
				GCC_WARN_UNDECLARED_SELECTOR = YES;
				GCC_WARN_UNINITIALIZED_AUTOS = YES_AGGRESSIVE;
				GCC_WARN_UNUSED_FUNCTION = YES;
				GCC_WARN_UNUSED_VARIABLE = YES;
				IPHONEOS_DEPLOYMENT_TARGET = 10.3;
				MTL_ENABLE_DEBUG_INFO = YES;
				ONLY_ACTIVE_ARCH = YES;
				SDKROOT = iphoneos;
				SWIFT_ACTIVE_COMPILATION_CONDITIONS = DEBUG;
				SWIFT_OPTIMIZATION_LEVEL = "-Onone";
				TARGETED_DEVICE_FAMILY = "1,2";
			};
			name = Debug;
		};
		143C3F421EFCDB7B00FF911D /* Release */ = {
			isa = XCBuildConfiguration;
			buildSettings = {
				ALWAYS_SEARCH_USER_PATHS = NO;
				CLANG_ANALYZER_NONNULL = YES;
				CLANG_ANALYZER_NUMBER_OBJECT_CONVERSION = YES_AGGRESSIVE;
				CLANG_CXX_LANGUAGE_STANDARD = "gnu++0x";
				CLANG_CXX_LIBRARY = "libc++";
				CLANG_ENABLE_MODULES = YES;
				CLANG_ENABLE_OBJC_ARC = YES;
				CLANG_WARN_BOOL_CONVERSION = YES;
				CLANG_WARN_CONSTANT_CONVERSION = YES;
				CLANG_WARN_DIRECT_OBJC_ISA_USAGE = YES_ERROR;
				CLANG_WARN_DOCUMENTATION_COMMENTS = YES;
				CLANG_WARN_EMPTY_BODY = YES;
				CLANG_WARN_ENUM_CONVERSION = YES;
				CLANG_WARN_INFINITE_RECURSION = YES;
				CLANG_WARN_INT_CONVERSION = YES;
				CLANG_WARN_OBJC_ROOT_CLASS = YES_ERROR;
				CLANG_WARN_SUSPICIOUS_MOVE = YES;
				CLANG_WARN_UNREACHABLE_CODE = YES;
				CLANG_WARN__DUPLICATE_METHOD_MATCH = YES;
				"CODE_SIGN_IDENTITY[sdk=iphoneos*]" = "iPhone Developer";
				COPY_PHASE_STRIP = NO;
				DEBUG_INFORMATION_FORMAT = "dwarf-with-dsym";
				ENABLE_NS_ASSERTIONS = NO;
				ENABLE_STRICT_OBJC_MSGSEND = YES;
				GCC_C_LANGUAGE_STANDARD = gnu99;
				GCC_NO_COMMON_BLOCKS = YES;
				GCC_WARN_64_TO_32_BIT_CONVERSION = YES;
				GCC_WARN_ABOUT_RETURN_TYPE = YES_ERROR;
				GCC_WARN_UNDECLARED_SELECTOR = YES;
				GCC_WARN_UNINITIALIZED_AUTOS = YES_AGGRESSIVE;
				GCC_WARN_UNUSED_FUNCTION = YES;
				GCC_WARN_UNUSED_VARIABLE = YES;
				IPHONEOS_DEPLOYMENT_TARGET = 10.3;
				MTL_ENABLE_DEBUG_INFO = NO;
				SDKROOT = iphoneos;
				SWIFT_OPTIMIZATION_LEVEL = "-Owholemodule";
				TARGETED_DEVICE_FAMILY = "1,2";
				VALIDATE_PRODUCT = YES;
			};
			name = Release;
		};
		143C3F441EFCDB7B00FF911D /* Debug */ = {
			isa = XCBuildConfiguration;
			buildSettings = {
				ASSETCATALOG_COMPILER_APPICON_NAME = AppIcon;
				"CODE_SIGN_IDENTITY[sdk=iphoneos*]" = "iPhone Developer";
				DEVELOPMENT_TEAM = EQ9P5M4B7V;
				INFOPLIST_FILE = "beepr-poc/Info.plist";
				LD_RUNPATH_SEARCH_PATHS = "$(inherited) @executable_path/Frameworks";
				PRODUCT_BUNDLE_IDENTIFIER = "beepr.beepr-poc";
				PRODUCT_NAME = "$(TARGET_NAME)";
				PROVISIONING_PROFILE_SPECIFIER = "";
				SWIFT_VERSION = 3.0;
			};
			name = Debug;
		};
		143C3F451EFCDB7B00FF911D /* Release */ = {
			isa = XCBuildConfiguration;
			buildSettings = {
				ASSETCATALOG_COMPILER_APPICON_NAME = AppIcon;
				"CODE_SIGN_IDENTITY[sdk=iphoneos*]" = "iPhone Developer";
				DEVELOPMENT_TEAM = EQ9P5M4B7V;
				INFOPLIST_FILE = "beepr-poc/Info.plist";
				LD_RUNPATH_SEARCH_PATHS = "$(inherited) @executable_path/Frameworks";
				PRODUCT_BUNDLE_IDENTIFIER = "beepr.beepr-poc";
				PRODUCT_NAME = "$(TARGET_NAME)";
				PROVISIONING_PROFILE_SPECIFIER = "";
				SWIFT_VERSION = 3.0;
			};
			name = Release;
		};
/* End XCBuildConfiguration section */

/* Begin XCConfigurationList section */
		143C3F2C1EFCDB7B00FF911D /* Build configuration list for PBXProject "beepr-poc" */ = {
			isa = XCConfigurationList;
			buildConfigurations = (
				143C3F411EFCDB7B00FF911D /* Debug */,
				143C3F421EFCDB7B00FF911D /* Release */,
			);
			defaultConfigurationIsVisible = 0;
			defaultConfigurationName = Release;
		};
		143C3F431EFCDB7B00FF911D /* Build configuration list for PBXNativeTarget "beepr-poc" */ = {
			isa = XCConfigurationList;
			buildConfigurations = (
				143C3F441EFCDB7B00FF911D /* Debug */,
				143C3F451EFCDB7B00FF911D /* Release */,
			);
			defaultConfigurationIsVisible = 0;
		};
/* End XCConfigurationList section */
	};
	rootObject = 143C3F291EFCDB7B00FF911D /* Project object */;
}
